// !$*UTF8*$!
{
	archiveVersion = 1;
	classes = {
	};
	objectVersion = 46;
	objects = {

/* Begin PBXBuildFile section */
		04D81D4A1E67054D00E4864A /* AppDelegate.swift in Sources */ = {isa = PBXBuildFile; fileRef = 04D81D491E67054D00E4864A /* AppDelegate.swift */; };
		04D81D4C1E67054D00E4864A /* ViewController.swift in Sources */ = {isa = PBXBuildFile; fileRef = 04D81D4B1E67054D00E4864A /* ViewController.swift */; };
		04D81D4F1E67054D00E4864A /* Main.storyboard in Resources */ = {isa = PBXBuildFile; fileRef = 04D81D4D1E67054D00E4864A /* Main.storyboard */; };
		04D81D511E67054D00E4864A /* Assets.xcassets in Resources */ = {isa = PBXBuildFile; fileRef = 04D81D501E67054D00E4864A /* Assets.xcassets */; };
		04D81D541E67054D00E4864A /* LaunchScreen.storyboard in Resources */ = {isa = PBXBuildFile; fileRef = 04D81D521E67054D00E4864A /* LaunchScreen.storyboard */; };
		04D81D7A1E6708B500E4864A /* checked.png in Resources */ = {isa = PBXBuildFile; fileRef = 04D81D731E6708B500E4864A /* checked.png */; };
		04D81D7B1E6708B500E4864A /* checked@2x.png in Resources */ = {isa = PBXBuildFile; fileRef = 04D81D741E6708B500E4864A /* checked@2x.png */; };
		04D81D7C1E6708B500E4864A /* unchecked.png in Resources */ = {isa = PBXBuildFile; fileRef = 04D81D751E6708B500E4864A /* unchecked.png */; };
		04D81D7D1E6708B500E4864A /* unchecked@2x.png in Resources */ = {isa = PBXBuildFile; fileRef = 04D81D761E6708B500E4864A /* unchecked@2x.png */; };
		04D81D7E1E6708B500E4864A /* FLLRadioButtons.swift in Sources */ = {isa = PBXBuildFile; fileRef = 04D81D781E6708B500E4864A /* FLLRadioButtons.swift */; };
/* End PBXBuildFile section */

/* Begin PBXFileReference section */
		04D81D461E67054C00E4864A /* RadioButtons.app */ = {isa = PBXFileReference; explicitFileType = wrapper.application; includeInIndex = 0; path = RadioButtons.app; sourceTree = BUILT_PRODUCTS_DIR; };
		04D81D491E67054D00E4864A /* AppDelegate.swift */ = {isa = PBXFileReference; lastKnownFileType = sourcecode.swift; path = AppDelegate.swift; sourceTree = "<group>"; };
		04D81D4B1E67054D00E4864A /* ViewController.swift */ = {isa = PBXFileReference; lastKnownFileType = sourcecode.swift; path = ViewController.swift; sourceTree = "<group>"; };
		04D81D4E1E67054D00E4864A /* Base */ = {isa = PBXFileReference; lastKnownFileType = file.storyboard; name = Base; path = Base.lproj/Main.storyboard; sourceTree = "<group>"; };
		04D81D501E67054D00E4864A /* Assets.xcassets */ = {isa = PBXFileReference; lastKnownFileType = folder.assetcatalog; path = Assets.xcassets; sourceTree = "<group>"; };
		04D81D531E67054D00E4864A /* Base */ = {isa = PBXFileReference; lastKnownFileType = file.storyboard; name = Base; path = Base.lproj/LaunchScreen.storyboard; sourceTree = "<group>"; };
		04D81D551E67054D00E4864A /* Info.plist */ = {isa = PBXFileReference; lastKnownFileType = text.plist.xml; path = Info.plist; sourceTree = "<group>"; };
		04D81D731E6708B500E4864A /* checked.png */ = {isa = PBXFileReference; lastKnownFileType = image.png; path = checked.png; sourceTree = "<group>"; };
		04D81D741E6708B500E4864A /* checked@2x.png */ = {isa = PBXFileReference; lastKnownFileType = image.png; path = "checked@2x.png"; sourceTree = "<group>"; };
		04D81D751E6708B500E4864A /* unchecked.png */ = {isa = PBXFileReference; lastKnownFileType = image.png; path = unchecked.png; sourceTree = "<group>"; };
		04D81D761E6708B500E4864A /* unchecked@2x.png */ = {isa = PBXFileReference; lastKnownFileType = image.png; path = "unchecked@2x.png"; sourceTree = "<group>"; };
		04D81D781E6708B500E4864A /* FLLRadioButtons.swift */ = {isa = PBXFileReference; fileEncoding = 4; lastKnownFileType = sourcecode.swift; path = FLLRadioButtons.swift; sourceTree = "<group>"; };
/* End PBXFileReference section */

/* Begin PBXFrameworksBuildPhase section */
		04D81D431E67054C00E4864A /* Frameworks */ = {
			isa = PBXFrameworksBuildPhase;
			buildActionMask = 2147483647;
			files = (
			);
			runOnlyForDeploymentPostprocessing = 0;
		};
/* End PBXFrameworksBuildPhase section */

/* Begin PBXGroup section */
		04D81D3D1E67054C00E4864A = {
			isa = PBXGroup;
			children = (
				04D81D481E67054C00E4864A /* RadioButtons */,
				04D81D471E67054C00E4864A /* Products */,
			);
			sourceTree = "<group>";
		};
		04D81D471E67054C00E4864A /* Products */ = {
			isa = PBXGroup;
			children = (
				04D81D461E67054C00E4864A /* RadioButtons.app */,
			);
			name = Products;
			sourceTree = "<group>";
		};
		04D81D481E67054C00E4864A /* RadioButtons */ = {
			isa = PBXGroup;
			children = (
				04D81D791E6708B500E4864A /* FLLRadioButtons */,
				04D81D491E67054D00E4864A /* AppDelegate.swift */,
				04D81D4B1E67054D00E4864A /* ViewController.swift */,
				04D81D4D1E67054D00E4864A /* Main.storyboard */,
				04D81D501E67054D00E4864A /* Assets.xcassets */,
				04D81D521E67054D00E4864A /* LaunchScreen.storyboard */,
				04D81D551E67054D00E4864A /* Info.plist */,
			);
			path = RadioButtons;
			sourceTree = "<group>";
		};
		04D81D771E6708B500E4864A /* RadioButtonsImageSource */ = {
			isa = PBXGroup;
			children = (
				04D81D731E6708B500E4864A /* checked.png */,
				04D81D741E6708B500E4864A /* checked@2x.png */,
				04D81D751E6708B500E4864A /* unchecked.png */,
				04D81D761E6708B500E4864A /* unchecked@2x.png */,
			);
			path = RadioButtonsImageSource;
			sourceTree = "<group>";
		};
		04D81D791E6708B500E4864A /* FLLRadioButtons */ = {
			isa = PBXGroup;
			children = (
				04D81D771E6708B500E4864A /* RadioButtonsImageSource */,
				04D81D781E6708B500E4864A /* FLLRadioButtons.swift */,
			);
			name = FLLRadioButtons;
			path = ../../FLLProject/Tools/Commond/FLLRadioButtons;
			sourceTree = "<group>";
		};
/* End PBXGroup section */

/* Begin PBXNativeTarget section */
		04D81D451E67054C00E4864A /* RadioButtons */ = {
			isa = PBXNativeTarget;
			buildConfigurationList = 04D81D581E67054D00E4864A /* Build configuration list for PBXNativeTarget "RadioButtons" */;
			buildPhases = (
				04D81D421E67054C00E4864A /* Sources */,
				04D81D431E67054C00E4864A /* Frameworks */,
				04D81D441E67054C00E4864A /* Resources */,
			);
			buildRules = (
			);
			dependencies = (
			);
			name = RadioButtons;
			productName = RadioButtons;
			productReference = 04D81D461E67054C00E4864A /* RadioButtons.app */;
			productType = "com.apple.product-type.application";
		};
/* End PBXNativeTarget section */

/* Begin PBXProject section */
		04D81D3E1E67054C00E4864A /* Project object */ = {
			isa = PBXProject;
			attributes = {
				LastSwiftUpdateCheck = 0800;
				LastUpgradeCheck = 0800;
				ORGANIZATIONNAME = molangwu.com;
				TargetAttributes = {
					04D81D451E67054C00E4864A = {
						CreatedOnToolsVersion = 8.0;
						DevelopmentTeam = 34H2866AF8;
						ProvisioningStyle = Automatic;
					};
				};
			};
			buildConfigurationList = 04D81D411E67054C00E4864A /* Build configuration list for PBXProject "RadioButtons" */;
			compatibilityVersion = "Xcode 3.2";
			developmentRegion = English;
			hasScannedForEncodings = 0;
			knownRegions = (
				en,
				Base,
			);
			mainGroup = 04D81D3D1E67054C00E4864A;
			productRefGroup = 04D81D471E67054C00E4864A /* Products */;
			projectDirPath = "";
			projectRoot = "";
			targets = (
				04D81D451E67054C00E4864A /* RadioButtons */,
			);
		};
/* End PBXProject section */

/* Begin PBXResourcesBuildPhase section */
		04D81D441E67054C00E4864A /* Resources */ = {
			isa = PBXResourcesBuildPhase;
			buildActionMask = 2147483647;
			files = (
				04D81D541E67054D00E4864A /* LaunchScreen.storyboard in Resources */,
				04D81D7B1E6708B500E4864A /* checked@2x.png in Resources */,
				04D81D7A1E6708B500E4864A /* checked.png in Resources */,
				04D81D7D1E6708B500E4864A /* unchecked@2x.png in Resources */,
				04D81D511E67054D00E4864A /* Assets.xcassets in Resources */,
				04D81D7C1E6708B500E4864A /* unchecked.png in Resources */,
				04D81D4F1E67054D00E4864A /* Main.storyboard in Resources */,
			);
			runOnlyForDeploymentPostprocessing = 0;
		};
/* End PBXResourcesBuildPhase section */

/* Begin PBXSourcesBuildPhase section */
		04D81D421E67054C00E4864A /* Sources */ = {
			isa = PBXSourcesBuildPhase;
			buildActionMask = 2147483647;
			files = (
				04D81D4C1E67054D00E4864A /* ViewController.swift in Sources */,
				04D81D7E1E6708B500E4864A /* FLLRadioButtons.swift in Sources */,
				04D81D4A1E67054D00E4864A /* AppDelegate.swift in Sources */,
			);
			runOnlyForDeploymentPostprocessing = 0;
		};
/* End PBXSourcesBuildPhase section */

/* Begin PBXVariantGroup section */
		04D81D4D1E67054D00E4864A /* Main.storyboard */ = {
			isa = PBXVariantGroup;
			children = (
				04D81D4E1E67054D00E4864A /* Base */,
			);
			name = Main.storyboard;
			sourceTree = "<group>";
		};
		04D81D521E67054D00E4864A /* LaunchScreen.storyboard */ = {
			isa = PBXVariantGroup;
			children = (
				04D81D531E67054D00E4864A /* Base */,
			);
			name = LaunchScreen.storyboard;
			sourceTree = "<group>";
		};
/* End PBXVariantGroup section */

/* Begin XCBuildConfiguration section */
		04D81D561E67054D00E4864A /* Debug */ = {
			isa = XCBuildConfiguration;
			buildSettings = {
				ALWAYS_SEARCH_USER_PATHS = NO;
				CLANG_ANALYZER_NONNULL = YES;
				CLANG_CXX_LANGUAGE_STANDARD = "gnu++0x";
				CLANG_CXX_LIBRARY = "libc++";
				CLANG_ENABLE_MODULES = YES;
				CLANG_ENABLE_OBJC_ARC = YES;
				CLANG_WARN_BOOL_CONVERSION = YES;
				CLANG_WARN_CONSTANT_CONVERSION = YES;
				CLANG_WARN_DIRECT_OBJC_ISA_USAGE = YES_ERROR;
				CLANG_WARN_DOCUMENTATION_COMMENTS = YES;
				CLANG_WARN_EMPTY_BODY = YES;
				CLANG_WARN_ENUM_CONVERSION = YES;
				CLANG_WARN_INFINITE_RECURSION = YES;
				CLANG_WARN_INT_CONVERSION = YES;
				CLANG_WARN_OBJC_ROOT_CLASS = YES_ERROR;
				CLANG_WARN_SUSPICIOUS_MOVES = YES;
				CLANG_WARN_UNREACHABLE_CODE = YES;
				CLANG_WARN__DUPLICATE_METHOD_MATCH = YES;
				"CODE_SIGN_IDENTITY[sdk=iphoneos*]" = "iPhone Developer";
				COPY_PHASE_STRIP = NO;
				DEBUG_INFORMATION_FORMAT = dwarf;
				ENABLE_STRICT_OBJC_MSGSEND = YES;
				ENABLE_TESTABILITY = YES;
				GCC_C_LANGUAGE_STANDARD = gnu99;
				GCC_DYNAMIC_NO_PIC = NO;
				GCC_NO_COMMON_BLOCKS = YES;
				GCC_OPTIMIZATION_LEVEL = 0;
				GCC_PREPROCESSOR_DEFINITIONS = (
					"DEBUG=1",
					"$(inherited)",
				);
				GCC_WARN_64_TO_32_BIT_CONVERSION = YES;
				GCC_WARN_ABOUT_RETURN_TYPE = YES_ERROR;
				GCC_WARN_UNDECLARED_SELECTOR = YES;
				GCC_WARN_UNINITIALIZED_AUTOS = YES_AGGRESSIVE;
				GCC_WARN_UNUSED_FUNCTION = YES;
				GCC_WARN_UNUSED_VARIABLE = YES;
				IPHONEOS_DEPLOYMENT_TARGET = 10.0;
				MTL_ENABLE_DEBUG_INFO = YES;
				ONLY_ACTIVE_ARCH = YES;
				SDKROOT = iphoneos;
				SWIFT_ACTIVE_COMPILATION_CONDITIONS = DEBUG;
				SWIFT_OPTIMIZATION_LEVEL = "-Onone";
			};
			name = Debug;
		};
		04D81D571E67054D00E4864A /* Release */ = {
			isa = XCBuildConfiguration;
			buildSettings = {
				ALWAYS_SEARCH_USER_PATHS = NO;
				CLANG_ANALYZER_NONNULL = YES;
				CLANG_CXX_LANGUAGE_STANDARD = "gnu++0x";
				CLANG_CXX_LIBRARY = "libc++";
				CLANG_ENABLE_MODULES = YES;
				CLANG_ENABLE_OBJC_ARC = YES;
				CLANG_WARN_BOOL_CONVERSION = YES;
				CLANG_WARN_CONSTANT_CONVERSION = YES;
				CLANG_WARN_DIRECT_OBJC_ISA_USAGE = YES_ERROR;
				CLANG_WARN_DOCUMENTATION_COMMENTS = YES;
				CLANG_WARN_EMPTY_BODY = YES;
				CLANG_WARN_ENUM_CONVERSION = YES;
				CLANG_WARN_INFINITE_RECURSION = YES;
				CLANG_WARN_INT_CONVERSION = YES;
				CLANG_WARN_OBJC_ROOT_CLASS = YES_ERROR;
				CLANG_WARN_SUSPICIOUS_MOVES = YES;
				CLANG_WARN_UNREACHABLE_CODE = YES;
				CLANG_WARN__DUPLICATE_METHOD_MATCH = YES;
				"CODE_SIGN_IDENTITY[sdk=iphoneos*]" = "iPhone Developer";
				COPY_PHASE_STRIP = NO;
				DEBUG_INFORMATION_FORMAT = "dwarf-with-dsym";
				ENABLE_NS_ASSERTIONS = NO;
				ENABLE_STRICT_OBJC_MSGSEND = YES;
				GCC_C_LANGUAGE_STANDARD = gnu99;
				GCC_NO_COMMON_BLOCKS = YES;
				GCC_WARN_64_TO_32_BIT_CONVERSION = YES;
				GCC_WARN_ABOUT_RETURN_TYPE = YES_ERROR;
				GCC_WARN_UNDECLARED_SELECTOR = YES;
				GCC_WARN_UNINITIALIZED_AUTOS = YES_AGGRESSIVE;
				GCC_WARN_UNUSED_FUNCTION = YES;
				GCC_WARN_UNUSED_VARIABLE = YES;
				IPHONEOS_DEPLOYMENT_TARGET = 10.0;
				MTL_ENABLE_DEBUG_INFO = NO;
				SDKROOT = iphoneos;
				SWIFT_OPTIMIZATION_LEVEL = "-Owholemodule";
				VALIDATE_PRODUCT = YES;
			};
			name = Release;
		};
		04D81D591E67054D00E4864A /* Debug */ = {
			isa = XCBuildConfiguration;
			buildSettings = {
				ASSETCATALOG_COMPILER_APPICON_NAME = AppIcon;
				DEVELOPMENT_TEAM = 34H2866AF8;
				INFOPLIST_FILE = RadioButtons/Info.plist;
				LD_RUNPATH_SEARCH_PATHS = "$(inherited) @executable_path/Frameworks";
				PRODUCT_BUNDLE_IDENTIFIER = com.molangwu.RadioButtons;
				PRODUCT_NAME = "$(TARGET_NAME)";
				SWIFT_VERSION = 3.0;
			};
			name = Debug;
		};
		04D81D5A1E67054D00E4864A /* Release */ = {
			isa = XCBuildConfiguration;
			buildSettings = {
				ASSETCATALOG_COMPILER_APPICON_NAME = AppIcon;
				DEVELOPMENT_TEAM = 34H2866AF8;
				INFOPLIST_FILE = RadioButtons/Info.plist;
				LD_RUNPATH_SEARCH_PATHS = "$(inherited) @executable_path/Frameworks";
				PRODUCT_BUNDLE_IDENTIFIER = com.molangwu.RadioButtons;
				PRODUCT_NAME = "$(TARGET_NAME)";
				SWIFT_VERSION = 3.0;
			};
			name = Release;
		};
/* End XCBuildConfiguration section */

/* Begin XCConfigurationList section */
		04D81D411E67054C00E4864A /* Build configuration list for PBXProject "RadioButtons" */ = {
			isa = XCConfigurationList;
			buildConfigurations = (
				04D81D561E67054D00E4864A /* Debug */,
				04D81D571E67054D00E4864A /* Release */,
			);
			defaultConfigurationIsVisible = 0;
			defaultConfigurationName = Release;
		};
		04D81D581E67054D00E4864A /* Build configuration list for PBXNativeTarget "RadioButtons" */ = {
			isa = XCConfigurationList;
			buildConfigurations = (
				04D81D591E67054D00E4864A /* Debug */,
				04D81D5A1E67054D00E4864A /* Release */,
			);
			defaultConfigurationIsVisible = 0;
		};
/* End XCConfigurationList section */
	};
	rootObject = 04D81D3E1E67054C00E4864A /* Project object */;
}
